# generated by rye
# use `rye lock` or `rye sync` to update this lockfile
#
# last locked with the following flags:
#   pre: false
#   features: []
#   all-features: false
#   with-sources: false
#   generate-hashes: false
#   universal: false

-e file:.
python-frontmatter==1.1.0
    # via licensator
pyyaml==6.0.2
    # via licensator
    # via python-frontmatter
